{
  "name": "store2state-dom",
  "version": "1.0.0",
  "lockfileVersion": 3,
  "requires": true,
  "packages": {
    "": {
      "name": "store2state-dom",
      "version": "1.0.0",
      "license": "ISC",
      "dependencies": {
        "store2state": "^0.1.0"
      },
      "devDependencies": {
        "typescript": "^5.5.4"
      }
    },
    "node_modules/arachnea": {
      "version": "0.0.9",
      "resolved": "https://registry.npmjs.org/arachnea/-/arachnea-0.0.9.tgz",
      "integrity": "sha512-UoQo8Zfb0XAB6SMGLqGr9eG9iIvS0EtSM1u282l+fvxYn5lLi9NcM/F3GxeQEhlkW/pUf2+MnDjN9deli2VOJA=="
    },
    "node_modules/js-tokens": {
      "version": "4.0.0",
      "resolved": "https://registry.npmjs.org/js-tokens/-/js-tokens-4.0.0.tgz",
      "integrity": "sha512-RdJUflcE3cUzKiMqQgsCu06FPu9UdIJO0beYbPhHN4k6apgJtifcoCtT9bcxOpYBtpD2kCM6Sbzg4CausW/PKQ=="
    },
    "node_modules/loose-envify": {
      "version": "1.4.0",
      "resolved": "https://registry.npmjs.org/loose-envify/-/loose-envify-1.4.0.tgz",
      "integrity": "sha512-lyuxPGr/Wfhrlem2CL/UcnUc1zcqKAImBDzukY7Y5F/yQiNdko6+fRLevlw1HgMySw7f611UIY408EtxRSoK3Q==",
      "dependencies": {
        "js-tokens": "^3.0.0 || ^4.0.0"
      },
      "bin": {
        "loose-envify": "cli.js"
      }
    },
    "node_modules/react": {
      "version": "18.3.1",
      "resolved": "https://registry.npmjs.org/react/-/react-18.3.1.tgz",
      "integrity": "sha512-wS+hAgJShR0KhEvPJArfuPVN1+Hz1t0Y6n5jLrGQbkb4urgPE/0Rve+1kMB1v/oWgHgm4WIcV+i7F2pTVj+2iQ==",
      "dependencies": {
        "loose-envify": "^1.1.0"
      },
      "engines": {
        "node": ">=0.10.0"
      }
    },
    "node_modules/store2state": {
      "version": "0.1.0",
      "resolved": "https://registry.npmjs.org/store2state/-/store2state-0.1.0.tgz",
      "integrity": "sha512-qnD0eiYuCHw/Wr56nm2vnLb1FCZHRGG/v8bpD3oMqn8to9HzZTAGqF3SuE8DZGEYb1YdB82qkmoaKkA6lj6AVA==",
      "dependencies": {
        "arachnea": "^0.0.9",
        "react": "^18.3.1"
      }
    },
    "node_modules/typescript": {
      "version": "5.5.4",
      "resolved": "https://registry.npmjs.org/typescript/-/typescript-5.5.4.tgz",
      "integrity": "sha512-Mtq29sKDAEYP7aljRgtPOpTvOfbwRWlS6dPRzwjdE+C0R4brX/GUyhHSecbHMFLNBLcJIPt9nl9yG5TZ1weH+Q==",
      "dev": true,
      "bin": {
        "tsc": "bin/tsc",
        "tsserver": "bin/tsserver"
      },
      "engines": {
        "node": ">=14.17"
      }
    }
  }
}
